
Microsoft Visual Studio Solution File, Format Version 12.00
# Visual Studio Version 16
VisualStudioVersion = 16.0.30804.86
MinimumVisualStudioVersion = 10.0.40219.1
Project("{8BC9CEB8-8B4A-11D0-8D11-00A0C91BC942}") = "oop2.7", "oop2.7\oop2.7.vcxproj", "{894E2049-33B1-43BB-87E1-AFA71C1895A5}"
EndProject
Project("{8BC9CEB8-8B4A-11D0-8D11-00A0C91BC942}") = "UnitTest2_7", "UnitTest2_7\UnitTest2_7.vcxproj", "{006E2BF6-C7B5-43B5-BA6B-744497473761}"
EndProject
Global
	GlobalSection(SolutionConfigurationPlatforms) = preSolution
		Debug|x64 = Debug|x64
		Debug|x86 = Debug|x86
		Release|x64 = Release|x64
		Release|x86 = Release|x86
	EndGlobalSection
	GlobalSection(ProjectConfigurationPlatforms) = postSolution
		{894E2049-33B1-43BB-87E1-AFA71C1895A5}.Debug|x64.ActiveCfg = Debug|x64
		{894E2049-33B1-43BB-87E1-AFA71C1895A5}.Debug|x64.Build.0 = Debug|x64
		{894E2049-33B1-43BB-87E1-AFA71C1895A5}.Debug|x86.ActiveCfg = Debug|Win32
		{894E2049-33B1-43BB-87E1-AFA71C1895A5}.Debug|x86.Build.0 = Debug|Win32
		{894E2049-33B1-43BB-87E1-AFA71C1895A5}.Release|x64.ActiveCfg = Release|x64
		{894E2049-33B1-43BB-87E1-AFA71C1895A5}.Release|x64.Build.0 = Release|x64
		{894E2049-33B1-43BB-87E1-AFA71C1895A5}.Release|x86.ActiveCfg = Release|Win32
		{894E2049-33B1-43BB-87E1-AFA71C1895A5}.Release|x86.Build.0 = Release|Win32
		{006E2BF6-C7B5-43B5-BA6B-744497473761}.Debug|x64.ActiveCfg = Debug|x64
		{006E2BF6-C7B5-43B5-BA6B-744497473761}.Debug|x64.Build.0 = Debug|x64
		{006E2BF6-C7B5-43B5-BA6B-744497473761}.Debug|x86.ActiveCfg = Debug|Win32
		{006E2BF6-C7B5-43B5-BA6B-744497473761}.Debug|x86.Build.0 = Debug|Win32
		{006E2BF6-C7B5-43B5-BA6B-744497473761}.Release|x64.ActiveCfg = Release|x64
		{006E2BF6-C7B5-43B5-BA6B-744497473761}.Release|x64.Build.0 = Release|x64
		{006E2BF6-C7B5-43B5-BA6B-744497473761}.Release|x86.ActiveCfg = Release|Win32
		{006E2BF6-C7B5-43B5-BA6B-744497473761}.Release|x86.Build.0 = Release|Win32
	EndGlobalSection
	GlobalSection(SolutionProperties) = preSolution
		HideSolutionNode = FALSE
	EndGlobalSection
	GlobalSection(ExtensibilityGlobals) = postSolution
		SolutionGuid = {DA94825F-D4A9-405D-BFD0-2EC41233D696}
	EndGlobalSection
EndGlobal
